# This file was autogenerated by Stack.
# You should not edit this file by hand.
# For more information, please see the documentation at:
#   https://docs.haskellstack.org/en/stable/lock_files

packages:
- completed:
    hackage: gltf-codec-0.1.0.5@sha256:685df774608724fd46f359a4e24a4071e01a9b901b41b4f9e6e2daddd20c9af2,2563
    pantry-tree:
      sha256: 2169b1d427fb102c8c1c87150d94b2a785318fd9b2065dae30b493769c5f0552
      size: 1619
  original:
    hackage: gltf-codec-0.1.0.5
snapshots:
- completed:
    sha256: 2d580e973dc1a5ff70cd2bb1248613f835829b38eed5db5dafc3615a22cb1bcd
    size: 679292
    url: https://raw.githubusercontent.com/commercialhaskell/stackage-snapshots/master/lts/23/5.yaml
  original: lts-23.5
